// !$*UTF8*$!
{
	archiveVersion = 1;
	classes = {
	};
	objectVersion = 56;
	objects = {

/* Begin PBXBuildFile section */
		1925676E2BDCDF1700502CAD /* SwiftUI_Knowledge_Wiki_2_0App.swift in Sources */ = {isa = PBXBuildFile; fileRef = 1925676D2BDCDF1700502CAD /* SwiftUI_Knowledge_Wiki_2_0App.swift */; };
		192567702BDCDF1700502CAD /* ContentView.swift in Sources */ = {isa = PBXBuildFile; fileRef = 1925676F2BDCDF1700502CAD /* ContentView.swift */; };
		192567722BDCDF1700502CAD /* Item.swift in Sources */ = {isa = PBXBuildFile; fileRef = 192567712BDCDF1700502CAD /* Item.swift */; };
		192567742BDCDF1900502CAD /* Assets.xcassets in Resources */ = {isa = PBXBuildFile; fileRef = 192567732BDCDF1900502CAD /* Assets.xcassets */; };
		192567782BDCDF1900502CAD /* Preview Assets.xcassets in Resources */ = {isa = PBXBuildFile; fileRef = 192567772BDCDF1900502CAD /* Preview Assets.xcassets */; };
		1925678C2BDCDF1900502CAD /* SwiftUI_Knowledge_Wiki_2_0UITests.swift in Sources */ = {isa = PBXBuildFile; fileRef = 1925678B2BDCDF1900502CAD /* SwiftUI_Knowledge_Wiki_2_0UITests.swift */; };
		1925678E2BDCDF1900502CAD /* SwiftUI_Knowledge_Wiki_2_0UITestsLaunchTests.swift in Sources */ = {isa = PBXBuildFile; fileRef = 1925678D2BDCDF1900502CAD /* SwiftUI_Knowledge_Wiki_2_0UITestsLaunchTests.swift */; };
		1925679B2BDCE9F000502CAD /* Location1View.swift in Sources */ = {isa = PBXBuildFile; fileRef = 1925679A2BDCE9F000502CAD /* Location1View.swift */; };
		196A43642BDF2E0B00CDE5DB /*  menuBarView.swift in Sources */ = {isa = PBXBuildFile; fileRef = 196A43632BDF2E0B00CDE5DB /*  menuBarView.swift */; };
/* End PBXBuildFile section */

/* Begin PBXContainerItemProxy section */
		1925677E2BDCDF1900502CAD /* PBXContainerItemProxy */ = {
			isa = PBXContainerItemProxy;
			containerPortal = 192567622BDCDF1700502CAD /* Project object */;
			proxyType = 1;
			remoteGlobalIDString = 192567692BDCDF1700502CAD;
			remoteInfo = "SwiftUI Knowledge Wiki 2.0";
		};
		192567882BDCDF1900502CAD /* PBXContainerItemProxy */ = {
			isa = PBXContainerItemProxy;
			containerPortal = 192567622BDCDF1700502CAD /* Project object */;
			proxyType = 1;
			remoteGlobalIDString = 192567692BDCDF1700502CAD;
			remoteInfo = "SwiftUI Knowledge Wiki 2.0";
		};
/* End PBXContainerItemProxy section */

/* Begin PBXFileReference section */
		1925676A2BDCDF1700502CAD /* SwiftUI Knowledge Wiki 2.0.app */ = {isa = PBXFileReference; explicitFileType = wrapper.application; includeInIndex = 0; path = "SwiftUI Knowledge Wiki 2.0.app"; sourceTree = BUILT_PRODUCTS_DIR; };
		1925676D2BDCDF1700502CAD /* SwiftUI_Knowledge_Wiki_2_0App.swift */ = {isa = PBXFileReference; lastKnownFileType = sourcecode.swift; path = SwiftUI_Knowledge_Wiki_2_0App.swift; sourceTree = "<group>"; };
		1925676F2BDCDF1700502CAD /* ContentView.swift */ = {isa = PBXFileReference; lastKnownFileType = sourcecode.swift; path = ContentView.swift; sourceTree = "<group>"; };
		192567712BDCDF1700502CAD /* Item.swift */ = {isa = PBXFileReference; lastKnownFileType = sourcecode.swift; path = Item.swift; sourceTree = "<group>"; };
		192567732BDCDF1900502CAD /* Assets.xcassets */ = {isa = PBXFileReference; lastKnownFileType = folder.assetcatalog; path = Assets.xcassets; sourceTree = "<group>"; };
		192567752BDCDF1900502CAD /* SwiftUI_Knowledge_Wiki_2_0.entitlements */ = {isa = PBXFileReference; lastKnownFileType = text.plist.entitlements; path = SwiftUI_Knowledge_Wiki_2_0.entitlements; sourceTree = "<group>"; };
		192567772BDCDF1900502CAD /* Preview Assets.xcassets */ = {isa = PBXFileReference; lastKnownFileType = folder.assetcatalog; path = "Preview Assets.xcassets"; sourceTree = "<group>"; };
		1925677D2BDCDF1900502CAD /* SwiftUI Knowledge Wiki 2.0Tests.xctest */ = {isa = PBXFileReference; explicitFileType = wrapper.cfbundle; includeInIndex = 0; path = "SwiftUI Knowledge Wiki 2.0Tests.xctest"; sourceTree = BUILT_PRODUCTS_DIR; };
		192567872BDCDF1900502CAD /* SwiftUI Knowledge Wiki 2.0UITests.xctest */ = {isa = PBXFileReference; explicitFileType = wrapper.cfbundle; includeInIndex = 0; path = "SwiftUI Knowledge Wiki 2.0UITests.xctest"; sourceTree = BUILT_PRODUCTS_DIR; };
		1925678B2BDCDF1900502CAD /* SwiftUI_Knowledge_Wiki_2_0UITests.swift */ = {isa = PBXFileReference; lastKnownFileType = sourcecode.swift; path = SwiftUI_Knowledge_Wiki_2_0UITests.swift; sourceTree = "<group>"; };
		1925678D2BDCDF1900502CAD /* SwiftUI_Knowledge_Wiki_2_0UITestsLaunchTests.swift */ = {isa = PBXFileReference; lastKnownFileType = sourcecode.swift; path = SwiftUI_Knowledge_Wiki_2_0UITestsLaunchTests.swift; sourceTree = "<group>"; };
		1925679A2BDCE9F000502CAD /* Location1View.swift */ = {isa = PBXFileReference; lastKnownFileType = sourcecode.swift; path = Location1View.swift; sourceTree = "<group>"; };
		196A43632BDF2E0B00CDE5DB /*  menuBarView.swift */ = {isa = PBXFileReference; lastKnownFileType = sourcecode.swift; path = " menuBarView.swift"; sourceTree = "<group>"; };
/* End PBXFileReference section */

/* Begin PBXFrameworksBuildPhase section */
		192567672BDCDF1700502CAD /* Frameworks */ = {
			isa = PBXFrameworksBuildPhase;
			buildActionMask = 2147483647;
			files = (
			);
			runOnlyForDeploymentPostprocessing = 0;
		};
		1925677A2BDCDF1900502CAD /* Frameworks */ = {
			isa = PBXFrameworksBuildPhase;
			buildActionMask = 2147483647;
			files = (
			);
			runOnlyForDeploymentPostprocessing = 0;
		};
		192567842BDCDF1900502CAD /* Frameworks */ = {
			isa = PBXFrameworksBuildPhase;
			buildActionMask = 2147483647;
			files = (
			);
			runOnlyForDeploymentPostprocessing = 0;
		};
/* End PBXFrameworksBuildPhase section */

/* Begin PBXGroup section */
		192567612BDCDF1700502CAD = {
			isa = PBXGroup;
			children = (
				1925676C2BDCDF1700502CAD /* SwiftUI Knowledge Wiki 2.0 */,
				1925678A2BDCDF1900502CAD /* SwiftUI Knowledge Wiki 2.0UITests */,
				1925676B2BDCDF1700502CAD /* Products */,
			);
			sourceTree = "<group>";
		};
		1925676B2BDCDF1700502CAD /* Products */ = {
			isa = PBXGroup;
			children = (
				1925676A2BDCDF1700502CAD /* SwiftUI Knowledge Wiki 2.0.app */,
				1925677D2BDCDF1900502CAD /* SwiftUI Knowledge Wiki 2.0Tests.xctest */,
				192567872BDCDF1900502CAD /* SwiftUI Knowledge Wiki 2.0UITests.xctest */,
			);
			name = Products;
			sourceTree = "<group>";
		};
		1925676C2BDCDF1700502CAD /* SwiftUI Knowledge Wiki 2.0 */ = {
			isa = PBXGroup;
			children = (
				1925676F2BDCDF1700502CAD /* ContentView.swift */,
				196A43632BDF2E0B00CDE5DB /*  menuBarView.swift */,
				1925676D2BDCDF1700502CAD /* SwiftUI_Knowledge_Wiki_2_0App.swift */,
				192567712BDCDF1700502CAD /* Item.swift */,
				1925679A2BDCE9F000502CAD /* Location1View.swift */,
				192567752BDCDF1900502CAD /* SwiftUI_Knowledge_Wiki_2_0.entitlements */,
				192567732BDCDF1900502CAD /* Assets.xcassets */,
				192567762BDCDF1900502CAD /* Preview Content */,
			);
			path = "SwiftUI Knowledge Wiki 2.0";
			sourceTree = "<group>";
		};
		192567762BDCDF1900502CAD /* Preview Content */ = {
			isa = PBXGroup;
			children = (
				192567772BDCDF1900502CAD /* Preview Assets.xcassets */,
			);
			path = "Preview Content";
			sourceTree = "<group>";
		};
		1925678A2BDCDF1900502CAD /* SwiftUI Knowledge Wiki 2.0UITests */ = {
			isa = PBXGroup;
			children = (
				1925678B2BDCDF1900502CAD /* SwiftUI_Knowledge_Wiki_2_0UITests.swift */,
				1925678D2BDCDF1900502CAD /* SwiftUI_Knowledge_Wiki_2_0UITestsLaunchTests.swift */,
			);
			path = "SwiftUI Knowledge Wiki 2.0UITests";
			sourceTree = "<group>";
		};
/* End PBXGroup section */

/* Begin PBXNativeTarget section */
		192567692BDCDF1700502CAD /* SwiftUI Knowledge Wiki 2.0 */ = {
			isa = PBXNativeTarget;
			buildConfigurationList = 192567912BDCDF1900502CAD /* Build configuration list for PBXNativeTarget "SwiftUI Knowledge Wiki 2.0" */;
			buildPhases = (
				192567662BDCDF1700502CAD /* Sources */,
				192567672BDCDF1700502CAD /* Frameworks */,
				192567682BDCDF1700502CAD /* Resources */,
			);
			buildRules = (
			);
			dependencies = (
			);
			name = "SwiftUI Knowledge Wiki 2.0";
			productName = "SwiftUI Knowledge Wiki 2.0";
			productReference = 1925676A2BDCDF1700502CAD /* SwiftUI Knowledge Wiki 2.0.app */;
			productType = "com.apple.product-type.application";
		};
		1925677C2BDCDF1900502CAD /* SwiftUI Knowledge Wiki 2.0Tests */ = {
			isa = PBXNativeTarget;
			buildConfigurationList = 192567942BDCDF1900502CAD /* Build configuration list for PBXNativeTarget "SwiftUI Knowledge Wiki 2.0Tests" */;
			buildPhases = (
				192567792BDCDF1900502CAD /* Sources */,
				1925677A2BDCDF1900502CAD /* Frameworks */,
				1925677B2BDCDF1900502CAD /* Resources */,
			);
			buildRules = (
			);
			dependencies = (
				1925677F2BDCDF1900502CAD /* PBXTargetDependency */,
			);
			name = "SwiftUI Knowledge Wiki 2.0Tests";
			productName = "SwiftUI Knowledge Wiki 2.0Tests";
			productReference = 1925677D2BDCDF1900502CAD /* SwiftUI Knowledge Wiki 2.0Tests.xctest */;
			productType = "com.apple.product-type.bundle.unit-test";
		};
		192567862BDCDF1900502CAD /* SwiftUI Knowledge Wiki 2.0UITests */ = {
			isa = PBXNativeTarget;
			buildConfigurationList = 192567972BDCDF1900502CAD /* Build configuration list for PBXNativeTarget "SwiftUI Knowledge Wiki 2.0UITests" */;
			buildPhases = (
				192567832BDCDF1900502CAD /* Sources */,
				192567842BDCDF1900502CAD /* Frameworks */,
				192567852BDCDF1900502CAD /* Resources */,
			);
			buildRules = (
			);
			dependencies = (
				192567892BDCDF1900502CAD /* PBXTargetDependency */,
			);
			name = "SwiftUI Knowledge Wiki 2.0UITests";
			productName = "SwiftUI Knowledge Wiki 2.0UITests";
			productReference = 192567872BDCDF1900502CAD /* SwiftUI Knowledge Wiki 2.0UITests.xctest */;
			productType = "com.apple.product-type.bundle.ui-testing";
		};
/* End PBXNativeTarget section */

/* Begin PBXProject section */
		192567622BDCDF1700502CAD /* Project object */ = {
			isa = PBXProject;
			attributes = {
				BuildIndependentTargetsInParallel = 1;
				LastSwiftUpdateCheck = 1530;
				LastUpgradeCheck = 1530;
				TargetAttributes = {
					192567692BDCDF1700502CAD = {
						CreatedOnToolsVersion = 15.3;
					};
					1925677C2BDCDF1900502CAD = {
						CreatedOnToolsVersion = 15.3;
						TestTargetID = 192567692BDCDF1700502CAD;
					};
					192567862BDCDF1900502CAD = {
						CreatedOnToolsVersion = 15.3;
						TestTargetID = 192567692BDCDF1700502CAD;
					};
				};
			};
			buildConfigurationList = 192567652BDCDF1700502CAD /* Build configuration list for PBXProject "SwiftUI MapKit School Map.0" */;
			compatibilityVersion = "Xcode 14.0";
			developmentRegion = en;
			hasScannedForEncodings = 0;
			knownRegions = (
				en,
				Base,
			);
			mainGroup = 192567612BDCDF1700502CAD;
			productRefGroup = 1925676B2BDCDF1700502CAD /* Products */;
			projectDirPath = "";
			projectRoot = "";
			targets = (
				192567692BDCDF1700502CAD /* SwiftUI Knowledge Wiki 2.0 */,
				1925677C2BDCDF1900502CAD /* SwiftUI Knowledge Wiki 2.0Tests */,
				192567862BDCDF1900502CAD /* SwiftUI Knowledge Wiki 2.0UITests */,
			);
		};
/* End PBXProject section */

/* Begin PBXResourcesBuildPhase section */
		192567682BDCDF1700502CAD /* Resources */ = {
			isa = PBXResourcesBuildPhase;
			buildActionMask = 2147483647;
			files = (
				192567782BDCDF1900502CAD /* Preview Assets.xcassets in Resources */,
				192567742BDCDF1900502CAD /* Assets.xcassets in Resources */,
			);
			runOnlyForDeploymentPostprocessing = 0;
		};
		1925677B2BDCDF1900502CAD /* Resources */ = {
			isa = PBXResourcesBuildPhase;
			buildActionMask = 2147483647;
			files = (
			);
			runOnlyForDeploymentPostprocessing = 0;
		};
		192567852BDCDF1900502CAD /* Resources */ = {
			isa = PBXResourcesBuildPhase;
			buildActionMask = 2147483647;
			files = (
			);
			runOnlyForDeploymentPostprocessing = 0;
		};
/* End PBXResourcesBuildPhase section */

/* Begin PBXSourcesBuildPhase section */
		192567662BDCDF1700502CAD /* Sources */ = {
			isa = PBXSourcesBuildPhase;
			buildActionMask = 2147483647;
			files = (
				192567702BDCDF1700502CAD /* ContentView.swift in Sources */,
				192567722BDCDF1700502CAD /* Item.swift in Sources */,
				1925676E2BDCDF1700502CAD /* SwiftUI_Knowledge_Wiki_2_0App.swift in Sources */,
				1925679B2BDCE9F000502CAD /* Location1View.swift in Sources */,
				196A43642BDF2E0B00CDE5DB /*  menuBarView.swift in Sources */,
			);
			runOnlyForDeploymentPostprocessing = 0;
		};
		192567792BDCDF1900502CAD /* Sources */ = {
			isa = PBXSourcesBuildPhase;
			buildActionMask = 2147483647;
			files = (
			);
			runOnlyForDeploymentPostprocessing = 0;
		};
		192567832BDCDF1900502CAD /* Sources */ = {
			isa = PBXSourcesBuildPhase;
			buildActionMask = 2147483647;
			files = (
				1925678C2BDCDF1900502CAD /* SwiftUI_Knowledge_Wiki_2_0UITests.swift in Sources */,
				1925678E2BDCDF1900502CAD /* SwiftUI_Knowledge_Wiki_2_0UITestsLaunchTests.swift in Sources */,
			);
			runOnlyForDeploymentPostprocessing = 0;
		};
/* End PBXSourcesBuildPhase section */

/* Begin PBXTargetDependency section */
		1925677F2BDCDF1900502CAD /* PBXTargetDependency */ = {
			isa = PBXTargetDependency;
			target = 192567692BDCDF1700502CAD /* SwiftUI Knowledge Wiki 2.0 */;
			targetProxy = 1925677E2BDCDF1900502CAD /* PBXContainerItemProxy */;
		};
		192567892BDCDF1900502CAD /* PBXTargetDependency */ = {
			isa = PBXTargetDependency;
			target = 192567692BDCDF1700502CAD /* SwiftUI Knowledge Wiki 2.0 */;
			targetProxy = 192567882BDCDF1900502CAD /* PBXContainerItemProxy */;
		};
/* End PBXTargetDependency section */

/* Begin XCBuildConfiguration section */
		1925678F2BDCDF1900502CAD /* Debug */ = {
			isa = XCBuildConfiguration;
			buildSettings = {
				ALWAYS_SEARCH_USER_PATHS = NO;
				ASSETCATALOG_COMPILER_GENERATE_SWIFT_ASSET_SYMBOL_EXTENSIONS = YES;
				CLANG_ANALYZER_NONNULL = YES;
				CLANG_ANALYZER_NUMBER_OBJECT_CONVERSION = YES_AGGRESSIVE;
				CLANG_CXX_LANGUAGE_STANDARD = "gnu++20";
				CLANG_ENABLE_MODULES = YES;
				CLANG_ENABLE_OBJC_ARC = YES;
				CLANG_ENABLE_OBJC_WEAK = YES;
				CLANG_WARN_BLOCK_CAPTURE_AUTORELEASING = YES;
				CLANG_WARN_BOOL_CONVERSION = YES;
				CLANG_WARN_COMMA = YES;
				CLANG_WARN_CONSTANT_CONVERSION = YES;
				CLANG_WARN_DEPRECATED_OBJC_IMPLEMENTATIONS = YES;
				CLANG_WARN_DIRECT_OBJC_ISA_USAGE = YES_ERROR;
				CLANG_WARN_DOCUMENTATION_COMMENTS = YES;
				CLANG_WARN_EMPTY_BODY = YES;
				CLANG_WARN_ENUM_CONVERSION = YES;
				CLANG_WARN_INFINITE_RECURSION = YES;
				CLANG_WARN_INT_CONVERSION = YES;
				CLANG_WARN_NON_LITERAL_NULL_CONVERSION = YES;
				CLANG_WARN_OBJC_IMPLICIT_RETAIN_SELF = YES;
				CLANG_WARN_OBJC_LITERAL_CONVERSION = YES;
				CLANG_WARN_OBJC_ROOT_CLASS = YES_ERROR;
				CLANG_WARN_QUOTED_INCLUDE_IN_FRAMEWORK_HEADER = YES;
				CLANG_WARN_RANGE_LOOP_ANALYSIS = YES;
				CLANG_WARN_STRICT_PROTOTYPES = YES;
				CLANG_WARN_SUSPICIOUS_MOVE = YES;
				CLANG_WARN_UNGUARDED_AVAILABILITY = YES_AGGRESSIVE;
				CLANG_WARN_UNREACHABLE_CODE = YES;
				CLANG_WARN__DUPLICATE_METHOD_MATCH = YES;
				COPY_PHASE_STRIP = NO;
				DEBUG_INFORMATION_FORMAT = dwarf;
				ENABLE_STRICT_OBJC_MSGSEND = YES;
				ENABLE_TESTABILITY = YES;
				ENABLE_USER_SCRIPT_SANDBOXING = YES;
				GCC_C_LANGUAGE_STANDARD = gnu17;
				GCC_DYNAMIC_NO_PIC = NO;
				GCC_NO_COMMON_BLOCKS = YES;
				GCC_OPTIMIZATION_LEVEL = 0;
				GCC_PREPROCESSOR_DEFINITIONS = (
					"DEBUG=1",
					"$(inherited)",
				);
				GCC_WARN_64_TO_32_BIT_CONVERSION = YES;
				GCC_WARN_ABOUT_RETURN_TYPE = YES_ERROR;
				GCC_WARN_UNDECLARED_SELECTOR = YES;
				GCC_WARN_UNINITIALIZED_AUTOS = YES_AGGRESSIVE;
				GCC_WARN_UNUSED_FUNCTION = YES;
				GCC_WARN_UNUSED_VARIABLE = YES;
				LOCALIZATION_PREFERS_STRING_CATALOGS = YES;
				MTL_ENABLE_DEBUG_INFO = INCLUDE_SOURCE;
				MTL_FAST_MATH = YES;
				ONLY_ACTIVE_ARCH = YES;
				SWIFT_ACTIVE_COMPILATION_CONDITIONS = "DEBUG $(inherited)";
				SWIFT_OPTIMIZATION_LEVEL = "-Onone";
			};
			name = Debug;
		};
		192567902BDCDF1900502CAD /* Release */ = {
			isa = XCBuildConfiguration;
			buildSettings = {
				ALWAYS_SEARCH_USER_PATHS = NO;
				ASSETCATALOG_COMPILER_GENERATE_SWIFT_ASSET_SYMBOL_EXTENSIONS = YES;
				CLANG_ANALYZER_NONNULL = YES;
				CLANG_ANALYZER_NUMBER_OBJECT_CONVERSION = YES_AGGRESSIVE;
				CLANG_CXX_LANGUAGE_STANDARD = "gnu++20";
				CLANG_ENABLE_MODULES = YES;
				CLANG_ENABLE_OBJC_ARC = YES;
				CLANG_ENABLE_OBJC_WEAK = YES;
				CLANG_WARN_BLOCK_CAPTURE_AUTORELEASING = YES;
				CLANG_WARN_BOOL_CONVERSION = YES;
				CLANG_WARN_COMMA = YES;
				CLANG_WARN_CONSTANT_CONVERSION = YES;
				CLANG_WARN_DEPRECATED_OBJC_IMPLEMENTATIONS = YES;
				CLANG_WARN_DIRECT_OBJC_ISA_USAGE = YES_ERROR;
				CLANG_WARN_DOCUMENTATION_COMMENTS = YES;
				CLANG_WARN_EMPTY_BODY = YES;
				CLANG_WARN_ENUM_CONVERSION = YES;
				CLANG_WARN_INFINITE_RECURSION = YES;
				CLANG_WARN_INT_CONVERSION = YES;
				CLANG_WARN_NON_LITERAL_NULL_CONVERSION = YES;
				CLANG_WARN_OBJC_IMPLICIT_RETAIN_SELF = YES;
				CLANG_WARN_OBJC_LITERAL_CONVERSION = YES;
				CLANG_WARN_OBJC_ROOT_CLASS = YES_ERROR;
				CLANG_WARN_QUOTED_INCLUDE_IN_FRAMEWORK_HEADER = YES;
				CLANG_WARN_RANGE_LOOP_ANALYSIS = YES;
				CLANG_WARN_STRICT_PROTOTYPES = YES;
				CLANG_WARN_SUSPICIOUS_MOVE = YES;
				CLANG_WARN_UNGUARDED_AVAILABILITY = YES_AGGRESSIVE;
				CLANG_WARN_UNREACHABLE_CODE = YES;
				CLANG_WARN__DUPLICATE_METHOD_MATCH = YES;
				COPY_PHASE_STRIP = NO;
				DEBUG_INFORMATION_FORMAT = "dwarf-with-dsym";
				ENABLE_NS_ASSERTIONS = NO;
				ENABLE_STRICT_OBJC_MSGSEND = YES;
				ENABLE_USER_SCRIPT_SANDBOXING = YES;
				GCC_C_LANGUAGE_STANDARD = gnu17;
				GCC_NO_COMMON_BLOCKS = YES;
				GCC_WARN_64_TO_32_BIT_CONVERSION = YES;
				GCC_WARN_ABOUT_RETURN_TYPE = YES_ERROR;
				GCC_WARN_UNDECLARED_SELECTOR = YES;
				GCC_WARN_UNINITIALIZED_AUTOS = YES_AGGRESSIVE;
				GCC_WARN_UNUSED_FUNCTION = YES;
				GCC_WARN_UNUSED_VARIABLE = YES;
				LOCALIZATION_PREFERS_STRING_CATALOGS = YES;
				MTL_ENABLE_DEBUG_INFO = NO;
				MTL_FAST_MATH = YES;
				SWIFT_COMPILATION_MODE = wholemodule;
			};
			name = Release;
		};
		192567922BDCDF1900502CAD /* Debug */ = {
			isa = XCBuildConfiguration;
			buildSettings = {
				ASSETCATALOG_COMPILER_APPICON_NAME = AppIcon;
				ASSETCATALOG_COMPILER_GLOBAL_ACCENT_COLOR_NAME = AccentColor;
				CODE_SIGN_ENTITLEMENTS = "SwiftUI Knowledge Wiki 2.0/SwiftUI_Knowledge_Wiki_2_0.entitlements";
				CODE_SIGN_STYLE = Automatic;
				CURRENT_PROJECT_VERSION = 1;
				DEVELOPMENT_ASSET_PATHS = "\"SwiftUI Knowledge Wiki 2.0/Preview Content\"";
				ENABLE_PREVIEWS = YES;
				GENERATE_INFOPLIST_FILE = YES;
				"INFOPLIST_KEY_UIApplicationSceneManifest_Generation[sdk=iphoneos*]" = YES;
				"INFOPLIST_KEY_UIApplicationSceneManifest_Generation[sdk=iphonesimulator*]" = YES;
				"INFOPLIST_KEY_UIApplicationSupportsIndirectInputEvents[sdk=iphoneos*]" = YES;
				"INFOPLIST_KEY_UIApplicationSupportsIndirectInputEvents[sdk=iphonesimulator*]" = YES;
				"INFOPLIST_KEY_UILaunchScreen_Generation[sdk=iphoneos*]" = YES;
				"INFOPLIST_KEY_UILaunchScreen_Generation[sdk=iphonesimulator*]" = YES;
				"INFOPLIST_KEY_UIStatusBarStyle[sdk=iphoneos*]" = UIStatusBarStyleDefault;
				"INFOPLIST_KEY_UIStatusBarStyle[sdk=iphonesimulator*]" = UIStatusBarStyleDefault;
				INFOPLIST_KEY_UISupportedInterfaceOrientations_iPad = "UIInterfaceOrientationPortrait UIInterfaceOrientationPortraitUpsideDown UIInterfaceOrientationLandscapeLeft UIInterfaceOrientationLandscapeRight";
				INFOPLIST_KEY_UISupportedInterfaceOrientations_iPhone = "UIInterfaceOrientationPortrait UIInterfaceOrientationLandscapeLeft UIInterfaceOrientationLandscapeRight";
				IPHONEOS_DEPLOYMENT_TARGET = 17.4;
				LD_RUNPATH_SEARCH_PATHS = "@executable_path/Frameworks";
				"LD_RUNPATH_SEARCH_PATHS[sdk=macosx*]" = "@executable_path/../Frameworks";
				MACOSX_DEPLOYMENT_TARGET = 14.0;
				MARKETING_VERSION = 1.0;
				PRODUCT_BUNDLE_IDENTIFIER = "SwiftUI-MapKit-School-Map-Project";
				PRODUCT_NAME = "$(TARGET_NAME)";
				SDKROOT = auto;
				SUPPORTED_PLATFORMS = "iphoneos iphonesimulator macosx";
				SWIFT_EMIT_LOC_STRINGS = YES;
				SWIFT_VERSION = 5.0;
				TARGETED_DEVICE_FAMILY = "1,2";
			};
			name = Debug;
		};
		192567932BDCDF1900502CAD /* Release */ = {
			isa = XCBuildConfiguration;
			buildSettings = {
				ASSETCATALOG_COMPILER_APPICON_NAME = AppIcon;
				ASSETCATALOG_COMPILER_GLOBAL_ACCENT_COLOR_NAME = AccentColor;
				CODE_SIGN_ENTITLEMENTS = "SwiftUI Knowledge Wiki 2.0/SwiftUI_Knowledge_Wiki_2_0.entitlements";
				CODE_SIGN_STYLE = Automatic;
				CURRENT_PROJECT_VERSION = 1;
				DEVELOPMENT_ASSET_PATHS = "\"SwiftUI Knowledge Wiki 2.0/Preview Content\"";
				ENABLE_PREVIEWS = YES;
				GENERATE_INFOPLIST_FILE = YES;
				"INFOPLIST_KEY_UIApplicationSceneManifest_Generation[sdk=iphoneos*]" = YES;
				"INFOPLIST_KEY_UIApplicationSceneManifest_Generation[sdk=iphonesimulator*]" = YES;
				"INFOPLIST_KEY_UIApplicationSupportsIndirectInputEvents[sdk=iphoneos*]" = YES;
				"INFOPLIST_KEY_UIApplicationSupportsIndirectInputEvents[sdk=iphonesimulator*]" = YES;
				"INFOPLIST_KEY_UILaunchScreen_Generation[sdk=iphoneos*]" = YES;
				"INFOPLIST_KEY_UILaunchScreen_Generation[sdk=iphonesimulator*]" = YES;
				"INFOPLIST_KEY_UIStatusBarStyle[sdk=iphoneos*]" = UIStatusBarStyleDefault;
				"INFOPLIST_KEY_UIStatusBarStyle[sdk=iphonesimulator*]" = UIStatusBarStyleDefault;
				INFOPLIST_KEY_UISupportedInterfaceOrientations_iPad = "UIInterfaceOrientationPortrait UIInterfaceOrientationPortraitUpsideDown UIInterfaceOrientationLandscapeLeft UIInterfaceOrientationLandscapeRight";
				INFOPLIST_KEY_UISupportedInterfaceOrientations_iPhone = "UIInterfaceOrientationPortrait UIInterfaceOrientationLandscapeLeft UIInterfaceOrientationLandscapeRight";
				IPHONEOS_DEPLOYMENT_TARGET = 17.4;
				LD_RUNPATH_SEARCH_PATHS = "@executable_path/Frameworks";
				"LD_RUNPATH_SEARCH_PATHS[sdk=macosx*]" = "@executable_path/../Frameworks";
				MACOSX_DEPLOYMENT_TARGET = 14.0;
				MARKETING_VERSION = 1.0;
				PRODUCT_BUNDLE_IDENTIFIER = "SwiftUI-MapKit-School-Map-Project";
				PRODUCT_NAME = "$(TARGET_NAME)";
				SDKROOT = auto;
				SUPPORTED_PLATFORMS = "iphoneos iphonesimulator macosx";
				SWIFT_EMIT_LOC_STRINGS = YES;
				SWIFT_VERSION = 5.0;
				TARGETED_DEVICE_FAMILY = "1,2";
			};
			name = Release;
		};
		192567952BDCDF1900502CAD /* Debug */ = {
			isa = XCBuildConfiguration;
			buildSettings = {
				ALWAYS_EMBED_SWIFT_STANDARD_LIBRARIES = YES;
				BUNDLE_LOADER = "$(TEST_HOST)";
				CODE_SIGN_STYLE = Automatic;
				CURRENT_PROJECT_VERSION = 1;
				GENERATE_INFOPLIST_FILE = YES;
				IPHONEOS_DEPLOYMENT_TARGET = 17.4;
				MACOSX_DEPLOYMENT_TARGET = 14.4;
				MARKETING_VERSION = 1.0;
				PRODUCT_BUNDLE_IDENTIFIER = "SSIS-Application-Development.SwiftUI-Knowledge-Wiki-2-0Tests";
				PRODUCT_NAME = "$(TARGET_NAME)";
				SDKROOT = auto;
				SUPPORTED_PLATFORMS = "iphoneos iphonesimulator macosx";
				SWIFT_EMIT_LOC_STRINGS = NO;
				SWIFT_VERSION = 5.0;
				TARGETED_DEVICE_FAMILY = "1,2";
				TEST_HOST = "$(BUILT_PRODUCTS_DIR)/SwiftUI Knowledge Wiki 2.0.app/$(BUNDLE_EXECUTABLE_FOLDER_PATH)/SwiftUI Knowledge Wiki 2.0";
			};
			name = Debug;
		};
		192567962BDCDF1900502CAD /* Release */ = {
			isa = XCBuildConfiguration;
			buildSettings = {
				ALWAYS_EMBED_SWIFT_STANDARD_LIBRARIES = YES;
				BUNDLE_LOADER = "$(TEST_HOST)";
				CODE_SIGN_STYLE = Automatic;
				CURRENT_PROJECT_VERSION = 1;
				GENERATE_INFOPLIST_FILE = YES;
				IPHONEOS_DEPLOYMENT_TARGET = 17.4;
				MACOSX_DEPLOYMENT_TARGET = 14.4;
				MARKETING_VERSION = 1.0;
				PRODUCT_BUNDLE_IDENTIFIER = "SSIS-Application-Development.SwiftUI-Knowledge-Wiki-2-0Tests";
				PRODUCT_NAME = "$(TARGET_NAME)";
				SDKROOT = auto;
				SUPPORTED_PLATFORMS = "iphoneos iphonesimulator macosx";
				SWIFT_EMIT_LOC_STRINGS = NO;
				SWIFT_VERSION = 5.0;
				TARGETED_DEVICE_FAMILY = "1,2";
				TEST_HOST = "$(BUILT_PRODUCTS_DIR)/SwiftUI Knowledge Wiki 2.0.app/$(BUNDLE_EXECUTABLE_FOLDER_PATH)/SwiftUI Knowledge Wiki 2.0";
			};
			name = Release;
		};
		192567982BDCDF1900502CAD /* Debug */ = {
			isa = XCBuildConfiguration;
			buildSettings = {
				ALWAYS_EMBED_SWIFT_STANDARD_LIBRARIES = YES;
				CODE_SIGN_STYLE = Automatic;
				CURRENT_PROJECT_VERSION = 1;
				GENERATE_INFOPLIST_FILE = YES;
				IPHONEOS_DEPLOYMENT_TARGET = 17.4;
				MACOSX_DEPLOYMENT_TARGET = 14.4;
				MARKETING_VERSION = 1.0;
				PRODUCT_BUNDLE_IDENTIFIER = "SSIS-Application-Development.SwiftUI-Knowledge-Wiki-2-0UITests";
				PRODUCT_NAME = "$(TARGET_NAME)";
				SDKROOT = auto;
				SUPPORTED_PLATFORMS = "iphoneos iphonesimulator macosx";
				SWIFT_EMIT_LOC_STRINGS = NO;
				SWIFT_VERSION = 5.0;
				TARGETED_DEVICE_FAMILY = "1,2";
				TEST_TARGET_NAME = "SwiftUI Knowledge Wiki 2.0";
			};
			name = Debug;
		};
		192567992BDCDF1900502CAD /* Release */ = {
			isa = XCBuildConfiguration;
			buildSettings = {
				ALWAYS_EMBED_SWIFT_STANDARD_LIBRARIES = YES;
				CODE_SIGN_STYLE = Automatic;
				CURRENT_PROJECT_VERSION = 1;
				GENERATE_INFOPLIST_FILE = YES;
				IPHONEOS_DEPLOYMENT_TARGET = 17.4;
				MACOSX_DEPLOYMENT_TARGET = 14.4;
				MARKETING_VERSION = 1.0;
				PRODUCT_BUNDLE_IDENTIFIER = "SSIS-Application-Development.SwiftUI-Knowledge-Wiki-2-0UITests";
				PRODUCT_NAME = "$(TARGET_NAME)";
				SDKROOT = auto;
				SUPPORTED_PLATFORMS = "iphoneos iphonesimulator macosx";
				SWIFT_EMIT_LOC_STRINGS = NO;
				SWIFT_VERSION = 5.0;
				TARGETED_DEVICE_FAMILY = "1,2";
				TEST_TARGET_NAME = "SwiftUI Knowledge Wiki 2.0";
			};
			name = Release;
		};
/* End XCBuildConfiguration section */

/* Begin XCConfigurationList section */
		192567652BDCDF1700502CAD /* Build configuration list for PBXProject "SwiftUI MapKit School Map.0" */ = {
			isa = XCConfigurationList;
			buildConfigurations = (
				1925678F2BDCDF1900502CAD /* Debug */,
				192567902BDCDF1900502CAD /* Release */,
			);
			defaultConfigurationIsVisible = 0;
			defaultConfigurationName = Release;
		};
		192567912BDCDF1900502CAD /* Build configuration list for PBXNativeTarget "SwiftUI Knowledge Wiki 2.0" */ = {
			isa = XCConfigurationList;
			buildConfigurations = (
				192567922BDCDF1900502CAD /* Debug */,
				192567932BDCDF1900502CAD /* Release */,
			);
			defaultConfigurationIsVisible = 0;
			defaultConfigurationName = Release;
		};
		192567942BDCDF1900502CAD /* Build configuration list for PBXNativeTarget "SwiftUI Knowledge Wiki 2.0Tests" */ = {
			isa = XCConfigurationList;
			buildConfigurations = (
				192567952BDCDF1900502CAD /* Debug */,
				192567962BDCDF1900502CAD /* Release */,
			);
			defaultConfigurationIsVisible = 0;
			defaultConfigurationName = Release;
		};
		192567972BDCDF1900502CAD /* Build configuration list for PBXNativeTarget "SwiftUI Knowledge Wiki 2.0UITests" */ = {
			isa = XCConfigurationList;
			buildConfigurations = (
				192567982BDCDF1900502CAD /* Debug */,
				192567992BDCDF1900502CAD /* Release */,
			);
			defaultConfigurationIsVisible = 0;
			defaultConfigurationName = Release;
		};
/* End XCConfigurationList section */
	};
	rootObject = 192567622BDCDF1700502CAD /* Project object */;
}
